
Microsoft Visual Studio Solution File, Format Version 12.00
# Visual Studio Version 16
VisualStudioVersion = 16.0.35130.168
MinimumVisualStudioVersion = 10.0.40219.1
Project("{FAE04EC0-301F-11D3-BF4B-00C04F79EFBC}") = "BibliotecaCapaCliente", "Biblioteca\BibliotecaCapaCliente.csproj", "{5C5EFB8B-8FE8-4D4C-9E85-9BBCF9532865}"
EndProject
Project("{FAE04EC0-301F-11D3-BF4B-00C04F79EFBC}") = "BibliotecaCapaNegocio", "BibliotecaCapaNegocio\BibliotecaCapaNegocio.csproj", "{A7FB9397-F8FF-4FA9-98D1-09EB7245FD9B}"
EndProject
Global
	GlobalSection(SolutionConfigurationPlatforms) = preSolution
		Debug|Any CPU = Debug|Any CPU
		Release|Any CPU = Release|Any CPU
	EndGlobalSection
	GlobalSection(ProjectConfigurationPlatforms) = postSolution
		{5C5EFB8B-8FE8-4D4C-9E85-9BBCF9532865}.Debug|Any CPU.ActiveCfg = Debug|Any CPU
		{5C5EFB8B-8FE8-4D4C-9E85-9BBCF9532865}.Debug|Any CPU.Build.0 = Debug|Any CPU
		{5C5EFB8B-8FE8-4D4C-9E85-9BBCF9532865}.Release|Any CPU.ActiveCfg = Release|Any CPU
		{5C5EFB8B-8FE8-4D4C-9E85-9BBCF9532865}.Release|Any CPU.Build.0 = Release|Any CPU
		{A7FB9397-F8FF-4FA9-98D1-09EB7245FD9B}.Debug|Any CPU.ActiveCfg = Debug|Any CPU
		{A7FB9397-F8FF-4FA9-98D1-09EB7245FD9B}.Debug|Any CPU.Build.0 = Debug|Any CPU
		{A7FB9397-F8FF-4FA9-98D1-09EB7245FD9B}.Release|Any CPU.ActiveCfg = Release|Any CPU
		{A7FB9397-F8FF-4FA9-98D1-09EB7245FD9B}.Release|Any CPU.Build.0 = Release|Any CPU
	EndGlobalSection
	GlobalSection(SolutionProperties) = preSolution
		HideSolutionNode = FALSE
	EndGlobalSection
	GlobalSection(ExtensibilityGlobals) = postSolution
		SolutionGuid = {C76C1767-631A-4BD3-9EF3-11C8035FE879}
	EndGlobalSection
EndGlobal
